
Microsoft Visual Studio Solution File, Format Version 12.00
# Visual Studio Version 17
VisualStudioVersion = 17.4.33213.308
MinimumVisualStudioVersion = 10.0.40219.1
Project("{FAE04EC0-301F-11D3-BF4B-00C04F79EFBC}") = "2023.01.16_PW1", "2023.01.16_PW1\2023.01.16_PW1.csproj", "{FB890D1A-269F-4F38-876F-B543A49AA560}"
EndProject
Project("{FAE04EC0-301F-11D3-BF4B-00C04F79EFBC}") = "2023.01.16_PW2", "2023.01.16_PW2\2023.01.16_PW2.csproj", "{1C6AE865-471D-4B4C-AE85-F3F561A56E36}"
EndProject
Project("{FAE04EC0-301F-11D3-BF4B-00C04F79EFBC}") = "2023.01.16_PW3", "2023.01.16_PW3\2023.01.16_PW3.csproj", "{E66D1491-C762-45C6-97A3-87E3E4FDADBA}"
EndProject
Project("{FAE04EC0-301F-11D3-BF4B-00C04F79EFBC}") = "2023.01.16_PW4", "2023.01.16_PW4\2023.01.16_PW4.csproj", "{7A26F33F-09A6-4303-A4BD-15F0772BE8AB}"
EndProject
Project("{2150E333-8FDC-42A3-9474-1A3956D46DE8}") = "Solution Items", "Solution Items", "{5DCEBB69-46CD-41A1-A159-AAE686A1A98C}"
	ProjectSection(SolutionItems) = preProject
		Примечание.txt = Примечание.txt
	EndProjectSection
EndProject
Global
	GlobalSection(SolutionConfigurationPlatforms) = preSolution
		Debug|Any CPU = Debug|Any CPU
		Release|Any CPU = Release|Any CPU
	EndGlobalSection
	GlobalSection(ProjectConfigurationPlatforms) = postSolution
		{FB890D1A-269F-4F38-876F-B543A49AA560}.Debug|Any CPU.ActiveCfg = Debug|Any CPU
		{FB890D1A-269F-4F38-876F-B543A49AA560}.Debug|Any CPU.Build.0 = Debug|Any CPU
		{FB890D1A-269F-4F38-876F-B543A49AA560}.Release|Any CPU.ActiveCfg = Release|Any CPU
		{FB890D1A-269F-4F38-876F-B543A49AA560}.Release|Any CPU.Build.0 = Release|Any CPU
		{1C6AE865-471D-4B4C-AE85-F3F561A56E36}.Debug|Any CPU.ActiveCfg = Debug|Any CPU
		{1C6AE865-471D-4B4C-AE85-F3F561A56E36}.Debug|Any CPU.Build.0 = Debug|Any CPU
		{1C6AE865-471D-4B4C-AE85-F3F561A56E36}.Release|Any CPU.ActiveCfg = Release|Any CPU
		{1C6AE865-471D-4B4C-AE85-F3F561A56E36}.Release|Any CPU.Build.0 = Release|Any CPU
		{E66D1491-C762-45C6-97A3-87E3E4FDADBA}.Debug|Any CPU.ActiveCfg = Debug|Any CPU
		{E66D1491-C762-45C6-97A3-87E3E4FDADBA}.Debug|Any CPU.Build.0 = Debug|Any CPU
		{E66D1491-C762-45C6-97A3-87E3E4FDADBA}.Release|Any CPU.ActiveCfg = Release|Any CPU
		{E66D1491-C762-45C6-97A3-87E3E4FDADBA}.Release|Any CPU.Build.0 = Release|Any CPU
		{7A26F33F-09A6-4303-A4BD-15F0772BE8AB}.Debug|Any CPU.ActiveCfg = Debug|Any CPU
		{7A26F33F-09A6-4303-A4BD-15F0772BE8AB}.Debug|Any CPU.Build.0 = Debug|Any CPU
		{7A26F33F-09A6-4303-A4BD-15F0772BE8AB}.Release|Any CPU.ActiveCfg = Release|Any CPU
		{7A26F33F-09A6-4303-A4BD-15F0772BE8AB}.Release|Any CPU.Build.0 = Release|Any CPU
	EndGlobalSection
	GlobalSection(SolutionProperties) = preSolution
		HideSolutionNode = FALSE
	EndGlobalSection
	GlobalSection(ExtensibilityGlobals) = postSolution
		SolutionGuid = {2C27A83D-259C-4E68-8D62-EA16AE9959B9}
	EndGlobalSection
EndGlobal
