
Microsoft Visual Studio Solution File, Format Version 12.00
# Visual Studio Version 17
VisualStudioVersion = 17.4.33213.308
MinimumVisualStudioVersion = 10.0.40219.1
Project("{9A19103F-16F7-4668-BE54-9A1E7A4F7556}") = "2023.01.16_PW1", "2023.01.16_PW1\2023.01.16_PW1.csproj", "{FB890D1A-269F-4F38-876F-B543A49AA560}"
EndProject
Project("{9A19103F-16F7-4668-BE54-9A1E7A4F7556}") = "2023.01.16_PW2", "2023.01.16_PW2\2023.01.16_PW2.csproj", "{1C6AE865-471D-4B4C-AE85-F3F561A56E36}"
EndProject
Project("{9A19103F-16F7-4668-BE54-9A1E7A4F7556}") = "2023.01.16_PW3", "2023.01.16_PW3\2023.01.16_PW3.csproj", "{E66D1491-C762-45C6-97A3-87E3E4FDADBA}"
EndProject
Project("{9A19103F-16F7-4668-BE54-9A1E7A4F7556}") = "2023.01.16_PW4", "2023.01.16_PW4\2023.01.16_PW4.csproj", "{7A26F33F-09A6-4303-A4BD-15F0772BE8AB}"
EndProject
Project("{2150E333-8FDC-42A3-9474-1A3956D46DE8}") = "Solution Items", "Solution Items", "{5DCEBB69-46CD-41A1-A159-AAE686A1A98C}"
	ProjectSection(SolutionItems) = preProject
		Примечание.txt = Примечание.txt
	EndProjectSection
EndProject
Project("{9A19103F-16F7-4668-BE54-9A1E7A4F7556}") = "2023.01.16_HW", "2023.01.16_HW\2023.01.16_HW.csproj", "{2AD96FFC-C92A-46C9-890F-0FDF0D27AF90}"
EndProject
Project("{9A19103F-16F7-4668-BE54-9A1E7A4F7556}") = "2023.01.18_PW", "2023.01.18_PW\2023.01.18_PW.csproj", "{2914F87B-6D1D-4B4F-B844-38F9AF7C7831}"
EndProject
Project("{9A19103F-16F7-4668-BE54-9A1E7A4F7556}") = "2023.01.18_HW", "2023.01.18_HW\2023.01.18_HW.csproj", "{069298B0-1B65-44EC-B594-E5A197185264}"
EndProject
Project("{9A19103F-16F7-4668-BE54-9A1E7A4F7556}") = "2023.01.20_PW", "2023.01.20_PW\2023.01.20_PW.csproj", "{51098277-19DE-4C90-BD93-64BBF0CFEB98}"
EndProject
Project("{9A19103F-16F7-4668-BE54-9A1E7A4F7556}") = "2023.01.20_PW2", "2023.01.20_PW2\2023.01.20_PW2.csproj", "{5C86D5E0-D8A5-4DCC-98DC-C8519573BA6A}"
EndProject
Project("{9A19103F-16F7-4668-BE54-9A1E7A4F7556}") = "2023.01.23_PW", "2023.01.23_PW\2023.01.23_PW.csproj", "{267E3AAA-CE41-435A-A060-8617235BE96C}"
EndProject
Project("{9A19103F-16F7-4668-BE54-9A1E7A4F7556}") = "2023.01.25_PW", "2023.01.25_PW\2023.01.25_PW.csproj", "{33131FFE-66C4-4BA5-AD8B-09DE0A4D7CC6}"
EndProject
Project("{9A19103F-16F7-4668-BE54-9A1E7A4F7556}") = "2023.01.27_PW1", "2023.01.27_PW1\2023.01.27_PW1.csproj", "{CB96CF3F-2616-4517-91B9-A289A723A7F4}"
EndProject
Project("{9A19103F-16F7-4668-BE54-9A1E7A4F7556}") = "2023.01.27_PW2", "2023.01.27_PW2\2023.01.27_PW2.csproj", "{3603F806-1182-455A-AA39-362D102C765B}"
EndProject
Project("{9A19103F-16F7-4668-BE54-9A1E7A4F7556}") = "2023.01.27_PW3", "2023.01.27_PW3\2023.01.27_PW3.csproj", "{8C91C8C9-9E01-4531-AF25-BE1DD30442A5}"
EndProject
Project("{9A19103F-16F7-4668-BE54-9A1E7A4F7556}") = "2023.01.27_PW4", "2023.01.27_PW4\2023.01.27_PW4.csproj", "{3A327DD8-4F60-420E-BCFF-A03CEB1A7F9E}"
EndProject
Project("{9A19103F-16F7-4668-BE54-9A1E7A4F7556}") = "2023.01.27_HW", "2023.01.27_HW\2023.01.27_HW.csproj", "{73B47419-D8D6-4D59-A42B-E09B4239CCF2}"
EndProject
Project("{9A19103F-16F7-4668-BE54-9A1E7A4F7556}") = "2023.01.30_PW", "2023.01.30_PW\2023.01.30_PW.csproj", "{F12F0223-BB47-4F51-972F-EE099FC68D4E}"
EndProject
Project("{9A19103F-16F7-4668-BE54-9A1E7A4F7556}") = "2023.02.01_PW", "2023.02.01_PW\2023.02.01_PW.csproj", "{BC989260-3435-4E39-BA6A-D401107F412F}"
EndProject
Project("{9A19103F-16F7-4668-BE54-9A1E7A4F7556}") = "CatsProject", "CatsProject\CatsProject.csproj", "{932B51E8-C27D-41B3-B3E9-1EB2BA7F0CC8}"
EndProject
Project("{9A19103F-16F7-4668-BE54-9A1E7A4F7556}") = "2023.02.13_PW", "2023.02.13_PW\2023.02.13_PW.csproj", "{C851055E-9FCD-4795-9E46-7CC5AE8AA5BA}"
EndProject
Project("{FAE04EC0-301F-11D3-BF4B-00C04F79EFBC}") = "OnlineShop", "OnlineShop\OnlineShop.csproj", "{23AE970A-1981-4ADB-8B3C-BE48DDEB8479}"
EndProject
Global
	GlobalSection(SolutionConfigurationPlatforms) = preSolution
		Debug|Any CPU = Debug|Any CPU
		Release|Any CPU = Release|Any CPU
	EndGlobalSection
	GlobalSection(ProjectConfigurationPlatforms) = postSolution
		{FB890D1A-269F-4F38-876F-B543A49AA560}.Debug|Any CPU.ActiveCfg = Debug|Any CPU
		{FB890D1A-269F-4F38-876F-B543A49AA560}.Debug|Any CPU.Build.0 = Debug|Any CPU
		{FB890D1A-269F-4F38-876F-B543A49AA560}.Release|Any CPU.ActiveCfg = Release|Any CPU
		{FB890D1A-269F-4F38-876F-B543A49AA560}.Release|Any CPU.Build.0 = Release|Any CPU
		{1C6AE865-471D-4B4C-AE85-F3F561A56E36}.Debug|Any CPU.ActiveCfg = Debug|Any CPU
		{1C6AE865-471D-4B4C-AE85-F3F561A56E36}.Debug|Any CPU.Build.0 = Debug|Any CPU
		{1C6AE865-471D-4B4C-AE85-F3F561A56E36}.Release|Any CPU.ActiveCfg = Release|Any CPU
		{1C6AE865-471D-4B4C-AE85-F3F561A56E36}.Release|Any CPU.Build.0 = Release|Any CPU
		{E66D1491-C762-45C6-97A3-87E3E4FDADBA}.Debug|Any CPU.ActiveCfg = Debug|Any CPU
		{E66D1491-C762-45C6-97A3-87E3E4FDADBA}.Debug|Any CPU.Build.0 = Debug|Any CPU
		{E66D1491-C762-45C6-97A3-87E3E4FDADBA}.Release|Any CPU.ActiveCfg = Release|Any CPU
		{E66D1491-C762-45C6-97A3-87E3E4FDADBA}.Release|Any CPU.Build.0 = Release|Any CPU
		{7A26F33F-09A6-4303-A4BD-15F0772BE8AB}.Debug|Any CPU.ActiveCfg = Debug|Any CPU
		{7A26F33F-09A6-4303-A4BD-15F0772BE8AB}.Debug|Any CPU.Build.0 = Debug|Any CPU
		{7A26F33F-09A6-4303-A4BD-15F0772BE8AB}.Release|Any CPU.ActiveCfg = Release|Any CPU
		{7A26F33F-09A6-4303-A4BD-15F0772BE8AB}.Release|Any CPU.Build.0 = Release|Any CPU
		{2AD96FFC-C92A-46C9-890F-0FDF0D27AF90}.Debug|Any CPU.ActiveCfg = Debug|Any CPU
		{2AD96FFC-C92A-46C9-890F-0FDF0D27AF90}.Debug|Any CPU.Build.0 = Debug|Any CPU
		{2AD96FFC-C92A-46C9-890F-0FDF0D27AF90}.Release|Any CPU.ActiveCfg = Release|Any CPU
		{2AD96FFC-C92A-46C9-890F-0FDF0D27AF90}.Release|Any CPU.Build.0 = Release|Any CPU
		{2914F87B-6D1D-4B4F-B844-38F9AF7C7831}.Debug|Any CPU.ActiveCfg = Debug|Any CPU
		{2914F87B-6D1D-4B4F-B844-38F9AF7C7831}.Debug|Any CPU.Build.0 = Debug|Any CPU
		{2914F87B-6D1D-4B4F-B844-38F9AF7C7831}.Release|Any CPU.ActiveCfg = Release|Any CPU
		{2914F87B-6D1D-4B4F-B844-38F9AF7C7831}.Release|Any CPU.Build.0 = Release|Any CPU
		{069298B0-1B65-44EC-B594-E5A197185264}.Debug|Any CPU.ActiveCfg = Debug|Any CPU
		{069298B0-1B65-44EC-B594-E5A197185264}.Debug|Any CPU.Build.0 = Debug|Any CPU
		{069298B0-1B65-44EC-B594-E5A197185264}.Release|Any CPU.ActiveCfg = Release|Any CPU
		{069298B0-1B65-44EC-B594-E5A197185264}.Release|Any CPU.Build.0 = Release|Any CPU
		{51098277-19DE-4C90-BD93-64BBF0CFEB98}.Debug|Any CPU.ActiveCfg = Debug|Any CPU
		{51098277-19DE-4C90-BD93-64BBF0CFEB98}.Debug|Any CPU.Build.0 = Debug|Any CPU
		{51098277-19DE-4C90-BD93-64BBF0CFEB98}.Release|Any CPU.ActiveCfg = Release|Any CPU
		{51098277-19DE-4C90-BD93-64BBF0CFEB98}.Release|Any CPU.Build.0 = Release|Any CPU
		{5C86D5E0-D8A5-4DCC-98DC-C8519573BA6A}.Debug|Any CPU.ActiveCfg = Debug|Any CPU
		{5C86D5E0-D8A5-4DCC-98DC-C8519573BA6A}.Debug|Any CPU.Build.0 = Debug|Any CPU
		{5C86D5E0-D8A5-4DCC-98DC-C8519573BA6A}.Release|Any CPU.ActiveCfg = Release|Any CPU
		{5C86D5E0-D8A5-4DCC-98DC-C8519573BA6A}.Release|Any CPU.Build.0 = Release|Any CPU
		{267E3AAA-CE41-435A-A060-8617235BE96C}.Debug|Any CPU.ActiveCfg = Debug|Any CPU
		{267E3AAA-CE41-435A-A060-8617235BE96C}.Debug|Any CPU.Build.0 = Debug|Any CPU
		{267E3AAA-CE41-435A-A060-8617235BE96C}.Release|Any CPU.ActiveCfg = Release|Any CPU
		{267E3AAA-CE41-435A-A060-8617235BE96C}.Release|Any CPU.Build.0 = Release|Any CPU
		{33131FFE-66C4-4BA5-AD8B-09DE0A4D7CC6}.Debug|Any CPU.ActiveCfg = Debug|Any CPU
		{33131FFE-66C4-4BA5-AD8B-09DE0A4D7CC6}.Debug|Any CPU.Build.0 = Debug|Any CPU
		{33131FFE-66C4-4BA5-AD8B-09DE0A4D7CC6}.Release|Any CPU.ActiveCfg = Release|Any CPU
		{33131FFE-66C4-4BA5-AD8B-09DE0A4D7CC6}.Release|Any CPU.Build.0 = Release|Any CPU
		{CB96CF3F-2616-4517-91B9-A289A723A7F4}.Debug|Any CPU.ActiveCfg = Debug|Any CPU
		{CB96CF3F-2616-4517-91B9-A289A723A7F4}.Debug|Any CPU.Build.0 = Debug|Any CPU
		{CB96CF3F-2616-4517-91B9-A289A723A7F4}.Release|Any CPU.ActiveCfg = Release|Any CPU
		{CB96CF3F-2616-4517-91B9-A289A723A7F4}.Release|Any CPU.Build.0 = Release|Any CPU
		{3603F806-1182-455A-AA39-362D102C765B}.Debug|Any CPU.ActiveCfg = Debug|Any CPU
		{3603F806-1182-455A-AA39-362D102C765B}.Debug|Any CPU.Build.0 = Debug|Any CPU
		{3603F806-1182-455A-AA39-362D102C765B}.Release|Any CPU.ActiveCfg = Release|Any CPU
		{3603F806-1182-455A-AA39-362D102C765B}.Release|Any CPU.Build.0 = Release|Any CPU
		{8C91C8C9-9E01-4531-AF25-BE1DD30442A5}.Debug|Any CPU.ActiveCfg = Debug|Any CPU
		{8C91C8C9-9E01-4531-AF25-BE1DD30442A5}.Debug|Any CPU.Build.0 = Debug|Any CPU
		{8C91C8C9-9E01-4531-AF25-BE1DD30442A5}.Release|Any CPU.ActiveCfg = Release|Any CPU
		{8C91C8C9-9E01-4531-AF25-BE1DD30442A5}.Release|Any CPU.Build.0 = Release|Any CPU
		{3A327DD8-4F60-420E-BCFF-A03CEB1A7F9E}.Debug|Any CPU.ActiveCfg = Debug|Any CPU
		{3A327DD8-4F60-420E-BCFF-A03CEB1A7F9E}.Debug|Any CPU.Build.0 = Debug|Any CPU
		{3A327DD8-4F60-420E-BCFF-A03CEB1A7F9E}.Release|Any CPU.ActiveCfg = Release|Any CPU
		{3A327DD8-4F60-420E-BCFF-A03CEB1A7F9E}.Release|Any CPU.Build.0 = Release|Any CPU
		{73B47419-D8D6-4D59-A42B-E09B4239CCF2}.Debug|Any CPU.ActiveCfg = Debug|Any CPU
		{73B47419-D8D6-4D59-A42B-E09B4239CCF2}.Debug|Any CPU.Build.0 = Debug|Any CPU
		{73B47419-D8D6-4D59-A42B-E09B4239CCF2}.Release|Any CPU.ActiveCfg = Release|Any CPU
		{73B47419-D8D6-4D59-A42B-E09B4239CCF2}.Release|Any CPU.Build.0 = Release|Any CPU
		{F12F0223-BB47-4F51-972F-EE099FC68D4E}.Debug|Any CPU.ActiveCfg = Debug|Any CPU
		{F12F0223-BB47-4F51-972F-EE099FC68D4E}.Debug|Any CPU.Build.0 = Debug|Any CPU
		{F12F0223-BB47-4F51-972F-EE099FC68D4E}.Release|Any CPU.ActiveCfg = Release|Any CPU
		{F12F0223-BB47-4F51-972F-EE099FC68D4E}.Release|Any CPU.Build.0 = Release|Any CPU
		{BC989260-3435-4E39-BA6A-D401107F412F}.Debug|Any CPU.ActiveCfg = Debug|Any CPU
		{BC989260-3435-4E39-BA6A-D401107F412F}.Debug|Any CPU.Build.0 = Debug|Any CPU
		{BC989260-3435-4E39-BA6A-D401107F412F}.Release|Any CPU.ActiveCfg = Release|Any CPU
		{BC989260-3435-4E39-BA6A-D401107F412F}.Release|Any CPU.Build.0 = Release|Any CPU
		{932B51E8-C27D-41B3-B3E9-1EB2BA7F0CC8}.Debug|Any CPU.ActiveCfg = Debug|Any CPU
		{932B51E8-C27D-41B3-B3E9-1EB2BA7F0CC8}.Debug|Any CPU.Build.0 = Debug|Any CPU
		{932B51E8-C27D-41B3-B3E9-1EB2BA7F0CC8}.Release|Any CPU.ActiveCfg = Release|Any CPU
		{932B51E8-C27D-41B3-B3E9-1EB2BA7F0CC8}.Release|Any CPU.Build.0 = Release|Any CPU
		{C851055E-9FCD-4795-9E46-7CC5AE8AA5BA}.Debug|Any CPU.ActiveCfg = Debug|Any CPU
		{C851055E-9FCD-4795-9E46-7CC5AE8AA5BA}.Debug|Any CPU.Build.0 = Debug|Any CPU
		{C851055E-9FCD-4795-9E46-7CC5AE8AA5BA}.Release|Any CPU.ActiveCfg = Release|Any CPU
		{C851055E-9FCD-4795-9E46-7CC5AE8AA5BA}.Release|Any CPU.Build.0 = Release|Any CPU
		{23AE970A-1981-4ADB-8B3C-BE48DDEB8479}.Debug|Any CPU.ActiveCfg = Debug|Any CPU
		{23AE970A-1981-4ADB-8B3C-BE48DDEB8479}.Debug|Any CPU.Build.0 = Debug|Any CPU
		{23AE970A-1981-4ADB-8B3C-BE48DDEB8479}.Release|Any CPU.ActiveCfg = Release|Any CPU
		{23AE970A-1981-4ADB-8B3C-BE48DDEB8479}.Release|Any CPU.Build.0 = Release|Any CPU
	EndGlobalSection
	GlobalSection(SolutionProperties) = preSolution
		HideSolutionNode = FALSE
	EndGlobalSection
	GlobalSection(ExtensibilityGlobals) = postSolution
		SolutionGuid = {2C27A83D-259C-4E68-8D62-EA16AE9959B9}
	EndGlobalSection
EndGlobal
